PODS:
  - AgoraRtcEngine_iOS (3.3.0)
  - ease_call_kit (0.0.1):
    - AgoraRtcEngine_iOS (= 3.3.0)
    - EaseCallKit (= 3.8.1.1)
    - Flutter
    - HyphenateChat (~> 3.8.1)
    - Masonry
    - MBProgressHUD
    - SDWebImage
  - EaseCallKit (3.8.1.1):
    - AgoraRtcEngine_iOS
    - HyphenateChat
    - Masonry
    - SDWebImage
  - Flutter (1.0.0)
  - HyphenateChat (3.8.3.1)
  - Masonry (1.1.0)
  - MBProgressHUD (1.2.0)
  - SDWebImage (5.11.1):
    - SDWebImage/Core (= 5.11.1)
  - SDWebImage/Core (5.11.1)

DEPENDENCIES:
  - ease_call_kit (from `.symlinks/plugins/ease_call_kit/ios`)
  - Flutter (from `Flutter`)

SPEC REPOS:
  trunk:
    - AgoraRtcEngine_iOS
    - EaseCallKit
    - HyphenateChat
    - Masonry
    - MBProgressHUD
    - SDWebImage

EXTERNAL SOURCES:
  ease_call_kit:
    :path: ".symlinks/plugins/ease_call_kit/ios"
  Flutter:
    :path: Flutter

SPEC CHECKSUMS:
  AgoraRtcEngine_iOS: 1a0adbf959ab5175b700c8bab30b1346fc27ef1a
  ease_call_kit: c2bf2cb7edb5e8838fc5488240659bf99c1679d5
  EaseCallKit: e7c3ed4608cf71674ac5aa49e98df190aa28309b
  Flutter: 0e3d915762c693b495b44d77113d4970485de6ec
  HyphenateChat: dc9bedc84c610b9031c86a36b3231604d01026b4
  Masonry: 678fab65091a9290e40e2832a55e7ab731aad201
  MBProgressHUD: 3ee5efcc380f6a79a7cc9b363dd669c5e1ae7406
  SDWebImage: a7f831e1a65eb5e285e3fb046a23fcfbf08e696d

PODFILE CHECKSUM: 8e679eca47255a8ca8067c4c67aab20e64cb974d

COCOAPODS: 1.10.1
