PODS:
  - AgoraRtcEngine_iOS (3.3.0)
  - ease_call_kit (0.0.1):
    - AgoraRtcEngine_iOS (= 3.3.0)
    - EaseCallKit (= 3.8.1)
    - Flutter
    - Masonry
    - SDWebImage
  - EaseCallKit (3.8.1):
    - HyphenateChat
    - Masonry
    - SDWebImage
  - Flutter (1.0.0)
  - Hyphenate (3.7.4.2)
  - HyphenateChat (3.8.2)
  - Masonry (1.1.0)
  - MBProgressHUD (1.2.0)
  - SDWebImage (5.11.1):
    - SDWebImage/Core (= 5.11.1)
  - SDWebImage/Core (5.11.1)
  - WHToast (0.0.7)

DEPENDENCIES:
  - ease_call_kit (from `.symlinks/plugins/ease_call_kit/ios`)
  - Flutter (from `Flutter`)
  - Hyphenate
  - MBProgressHUD
  - WHToast

SPEC REPOS:
  trunk:
    - AgoraRtcEngine_iOS
    - EaseCallKit
    - Hyphenate
    - HyphenateChat
    - Masonry
    - MBProgressHUD
    - SDWebImage
    - WHToast

EXTERNAL SOURCES:
  ease_call_kit:
    :path: ".symlinks/plugins/ease_call_kit/ios"
  Flutter:
    :path: Flutter

SPEC CHECKSUMS:
  AgoraRtcEngine_iOS: 1a0adbf959ab5175b700c8bab30b1346fc27ef1a
  ease_call_kit: 71d887089e261d6b60ebd4e19ad514e7eff2ba4c
  EaseCallKit: 5dc99bd216911d9402078e7d721d117d0030145f
  Flutter: 0e3d915762c693b495b44d77113d4970485de6ec
  Hyphenate: 11e0643d2586063166f080bc984fd5dd2db4f220
  HyphenateChat: bc919bbc39c3837984c65c19fb26271473175689
  Masonry: 678fab65091a9290e40e2832a55e7ab731aad201
  MBProgressHUD: 3ee5efcc380f6a79a7cc9b363dd669c5e1ae7406
  SDWebImage: a7f831e1a65eb5e285e3fb046a23fcfbf08e696d
  WHToast: 11a17a3f09f5f733e32bd6f3338919a448cbb719

PODFILE CHECKSUM: 7b5086ca3437acebee53d897b135e7a14ec6fe7c

COCOAPODS: 1.10.1
